
Microsoft Visual Studio Solution File, Format Version 12.00
# Visual Studio Version 16
VisualStudioVersion = 16.0.30621.155
MinimumVisualStudioVersion = 10.0.40219.1
Project("{2150E333-8FDC-42A3-9474-1A3956D46DE8}") = "tests", "tests", "{46F02646-795A-4D25-90FE-FF9CFA338F2D}"
EndProject
Project("{2150E333-8FDC-42A3-9474-1A3956D46DE8}") = "src", "src", "{19955432-291A-4246-BF8E-1D9068C49029}"
EndProject
Project("{2150E333-8FDC-42A3-9474-1A3956D46DE8}") = "DbStore", "DbStore", "{5DAAB9A2-96E9-4820-95F4-4B332A1C4AA2}"
EndProject
Project("{2150E333-8FDC-42A3-9474-1A3956D46DE8}") = "MongoDb", "MongoDb", "{F783963F-55F3-4EF2-9B1C-B68310B0FC72}"
EndProject
Project("{9A19103F-16F7-4668-BE54-9A1E7A4F7556}") = "Provider", "DbStore\MongoDb\Provider\Provider.csproj", "{DD3C00BA-212D-4019-82F0-A6CEB0838A85}"
EndProject
Project("{9A19103F-16F7-4668-BE54-9A1E7A4F7556}") = "Ideintity.Provider", "DbStore\MongoDb\Ideintity.Provider\Ideintity.Provider.csproj", "{E733B21B-E37C-4CA6-9888-E6BC4307809C}"
EndProject
Project("{9A19103F-16F7-4668-BE54-9A1E7A4F7556}") = "Identity.Store", "DbStore\MongoDb\Identity.Store\Identity.Store.csproj", "{9B1DBD36-486D-40FD-B191-7E7ADBF35FC2}"
EndProject
Project("{FAE04EC0-301F-11D3-BF4B-00C04F79EFBC}") = "WebApp", "WebApp\WebApp.csproj", "{A639CA94-66ED-498C-8EF6-B8FE5FA2528F}"
EndProject
Global
	GlobalSection(SolutionConfigurationPlatforms) = preSolution
		Debug|Any CPU = Debug|Any CPU
		Release|Any CPU = Release|Any CPU
	EndGlobalSection
	GlobalSection(ProjectConfigurationPlatforms) = postSolution
		{DD3C00BA-212D-4019-82F0-A6CEB0838A85}.Debug|Any CPU.ActiveCfg = Debug|Any CPU
		{DD3C00BA-212D-4019-82F0-A6CEB0838A85}.Debug|Any CPU.Build.0 = Debug|Any CPU
		{DD3C00BA-212D-4019-82F0-A6CEB0838A85}.Release|Any CPU.ActiveCfg = Release|Any CPU
		{DD3C00BA-212D-4019-82F0-A6CEB0838A85}.Release|Any CPU.Build.0 = Release|Any CPU
		{E733B21B-E37C-4CA6-9888-E6BC4307809C}.Debug|Any CPU.ActiveCfg = Debug|Any CPU
		{E733B21B-E37C-4CA6-9888-E6BC4307809C}.Debug|Any CPU.Build.0 = Debug|Any CPU
		{E733B21B-E37C-4CA6-9888-E6BC4307809C}.Release|Any CPU.ActiveCfg = Release|Any CPU
		{E733B21B-E37C-4CA6-9888-E6BC4307809C}.Release|Any CPU.Build.0 = Release|Any CPU
		{9B1DBD36-486D-40FD-B191-7E7ADBF35FC2}.Debug|Any CPU.ActiveCfg = Debug|Any CPU
		{9B1DBD36-486D-40FD-B191-7E7ADBF35FC2}.Debug|Any CPU.Build.0 = Debug|Any CPU
		{9B1DBD36-486D-40FD-B191-7E7ADBF35FC2}.Release|Any CPU.ActiveCfg = Release|Any CPU
		{9B1DBD36-486D-40FD-B191-7E7ADBF35FC2}.Release|Any CPU.Build.0 = Release|Any CPU
		{A639CA94-66ED-498C-8EF6-B8FE5FA2528F}.Debug|Any CPU.ActiveCfg = Debug|Any CPU
		{A639CA94-66ED-498C-8EF6-B8FE5FA2528F}.Debug|Any CPU.Build.0 = Debug|Any CPU
		{A639CA94-66ED-498C-8EF6-B8FE5FA2528F}.Release|Any CPU.ActiveCfg = Release|Any CPU
		{A639CA94-66ED-498C-8EF6-B8FE5FA2528F}.Release|Any CPU.Build.0 = Release|Any CPU
	EndGlobalSection
	GlobalSection(SolutionProperties) = preSolution
		HideSolutionNode = FALSE
	EndGlobalSection
	GlobalSection(NestedProjects) = preSolution
		{5DAAB9A2-96E9-4820-95F4-4B332A1C4AA2} = {19955432-291A-4246-BF8E-1D9068C49029}
		{F783963F-55F3-4EF2-9B1C-B68310B0FC72} = {5DAAB9A2-96E9-4820-95F4-4B332A1C4AA2}
		{DD3C00BA-212D-4019-82F0-A6CEB0838A85} = {F783963F-55F3-4EF2-9B1C-B68310B0FC72}
		{E733B21B-E37C-4CA6-9888-E6BC4307809C} = {F783963F-55F3-4EF2-9B1C-B68310B0FC72}
		{9B1DBD36-486D-40FD-B191-7E7ADBF35FC2} = {F783963F-55F3-4EF2-9B1C-B68310B0FC72}
		{A639CA94-66ED-498C-8EF6-B8FE5FA2528F} = {19955432-291A-4246-BF8E-1D9068C49029}
	EndGlobalSection
	GlobalSection(ExtensibilityGlobals) = postSolution
		SolutionGuid = {F40AE386-247D-4E35-BA2C-06CDCF5898E3}
	EndGlobalSection
EndGlobal
